// !$*UTF8*$!
{
	archiveVersion = 1;
	classes = {
	};
	objectVersion = 50;
	objects = {

/* Begin PBXBuildFile section */
		04FB7D5C26AED6AD003764D8 /* ViewController.swift in Sources */ = {isa = PBXBuildFile; fileRef = 04FB7D5026AED6AD003764D8 /* ViewController.swift */; };
		04FB7D5D26AED6AD003764D8 /* Assets.xcassets in Resources */ = {isa = PBXBuildFile; fileRef = 04FB7D5126AED6AD003764D8 /* Assets.xcassets */; };
		04FB7D5E26AED6AD003764D8 /* pic15.png in Resources */ = {isa = PBXBuildFile; fileRef = 04FB7D5226AED6AD003764D8 /* pic15.png */; };
		04FB7D5F26AED6AD003764D8 /* LaunchScreen.storyboard in Resources */ = {isa = PBXBuildFile; fileRef = 04FB7D5326AED6AD003764D8 /* LaunchScreen.storyboard */; };
		04FB7D6126AED6AD003764D8 /* Main.storyboard in Resources */ = {isa = PBXBuildFile; fileRef = 04FB7D5726AED6AD003764D8 /* Main.storyboard */; };
		04FB7D6226AED6AD003764D8 /* AppDelegate.swift in Sources */ = {isa = PBXBuildFile; fileRef = 04FB7D5826AED6AD003764D8 /* AppDelegate.swift */; };
		04FB7D6326AED6AD003764D8 /* pic.png in Resources */ = {isa = PBXBuildFile; fileRef = 04FB7D5926AED6AD003764D8 /* pic.png */; };
		04FB7D6526AED6AD003764D8 /* SceneDelegate.swift in Sources */ = {isa = PBXBuildFile; fileRef = 04FB7D5B26AED6AD003764D8 /* SceneDelegate.swift */; };
/* End PBXBuildFile section */

/* Begin PBXFileReference section */
		04FB7D5026AED6AD003764D8 /* ViewController.swift */ = {isa = PBXFileReference; fileEncoding = 4; lastKnownFileType = sourcecode.swift; path = ViewController.swift; sourceTree = "<group>"; };
		04FB7D5126AED6AD003764D8 /* Assets.xcassets */ = {isa = PBXFileReference; lastKnownFileType = folder.assetcatalog; path = Assets.xcassets; sourceTree = "<group>"; };
		04FB7D5226AED6AD003764D8 /* pic15.png */ = {isa = PBXFileReference; lastKnownFileType = image.png; path = pic15.png; sourceTree = "<group>"; };
		04FB7D5426AED6AD003764D8 /* Base */ = {isa = PBXFileReference; lastKnownFileType = file.storyboard; name = Base; path = Base.lproj/LaunchScreen.storyboard; sourceTree = "<group>"; };
		04FB7D5726AED6AD003764D8 /* Main.storyboard */ = {isa = PBXFileReference; fileEncoding = 4; lastKnownFileType = file.storyboard; path = Main.storyboard; sourceTree = "<group>"; };
		04FB7D5826AED6AD003764D8 /* AppDelegate.swift */ = {isa = PBXFileReference; fileEncoding = 4; lastKnownFileType = sourcecode.swift; path = AppDelegate.swift; sourceTree = "<group>"; };
		04FB7D5926AED6AD003764D8 /* pic.png */ = {isa = PBXFileReference; lastKnownFileType = image.png; path = pic.png; sourceTree = "<group>"; };
		04FB7D5B26AED6AD003764D8 /* SceneDelegate.swift */ = {isa = PBXFileReference; fileEncoding = 4; lastKnownFileType = sourcecode.swift; path = SceneDelegate.swift; sourceTree = "<group>"; };
		B6FF02C426AECC3C00ACF744 /* oneToOneChat1.app */ = {isa = PBXFileReference; explicitFileType = wrapper.application; includeInIndex = 0; path = oneToOneChat1.app; sourceTree = BUILT_PRODUCTS_DIR; };
		B6FF02D526AECC3F00ACF744 /* Info.plist */ = {isa = PBXFileReference; lastKnownFileType = text.plist.xml; name = Info.plist; path = oneToOneChat1/Info.plist; sourceTree = SOURCE_ROOT; };
/* End PBXFileReference section */

/* Begin PBXFrameworksBuildPhase section */
		B6FF02C126AECC3C00ACF744 /* Frameworks */ = {
			isa = PBXFrameworksBuildPhase;
			buildActionMask = 2147483647;
			files = (
			);
			runOnlyForDeploymentPostprocessing = 0;
		};
/* End PBXFrameworksBuildPhase section */

/* Begin PBXGroup section */
		04FB7D4F26AED6AD003764D8 /* oneToOneChat */ = {
			isa = PBXGroup;
			children = (
				04FB7D5026AED6AD003764D8 /* ViewController.swift */,
				04FB7D5126AED6AD003764D8 /* Assets.xcassets */,
				04FB7D5226AED6AD003764D8 /* pic15.png */,
				04FB7D5326AED6AD003764D8 /* LaunchScreen.storyboard */,
				04FB7D5726AED6AD003764D8 /* Main.storyboard */,
				04FB7D5826AED6AD003764D8 /* AppDelegate.swift */,
				04FB7D5926AED6AD003764D8 /* pic.png */,
				04FB7D5B26AED6AD003764D8 /* SceneDelegate.swift */,
				B6FF02D526AECC3F00ACF744 /* Info.plist */,
			);
			path = oneToOneChat;
			sourceTree = "<group>";
		};
		B6FF02BB26AECC3C00ACF744 = {
			isa = PBXGroup;
			children = (
				04FB7D4F26AED6AD003764D8 /* oneToOneChat */,
				B6FF02C526AECC3C00ACF744 /* Products */,
			);
			sourceTree = "<group>";
		};
		B6FF02C526AECC3C00ACF744 /* Products */ = {
			isa = PBXGroup;
			children = (
				B6FF02C426AECC3C00ACF744 /* oneToOneChat1.app */,
			);
			name = Products;
			sourceTree = "<group>";
		};
/* End PBXGroup section */

/* Begin PBXNativeTarget section */
		B6FF02C326AECC3C00ACF744 /* oneToOneChat1 */ = {
			isa = PBXNativeTarget;
			buildConfigurationList = B6FF02D826AECC3F00ACF744 /* Build configuration list for PBXNativeTarget "oneToOneChat1" */;
			buildPhases = (
				B6FF02C026AECC3C00ACF744 /* Sources */,
				B6FF02C126AECC3C00ACF744 /* Frameworks */,
				B6FF02C226AECC3C00ACF744 /* Resources */,
			);
			buildRules = (
			);
			dependencies = (
			);
			name = oneToOneChat1;
			productName = oneToOneChat1;
			productReference = B6FF02C426AECC3C00ACF744 /* oneToOneChat1.app */;
			productType = "com.apple.product-type.application";
		};
/* End PBXNativeTarget section */

/* Begin PBXProject section */
		B6FF02BC26AECC3C00ACF744 /* Project object */ = {
			isa = PBXProject;
			attributes = {
				KnownAssetTags = (
					New,
				);
				LastSwiftUpdateCheck = 1240;
				LastUpgradeCheck = 1240;
				TargetAttributes = {
					B6FF02C326AECC3C00ACF744 = {
						CreatedOnToolsVersion = 12.4;
					};
				};
			};
			buildConfigurationList = B6FF02BF26AECC3C00ACF744 /* Build configuration list for PBXProject "oneToOneChat1" */;
			compatibilityVersion = "Xcode 9.3";
			developmentRegion = en;
			hasScannedForEncodings = 0;
			knownRegions = (
				en,
				Base,
			);
			mainGroup = B6FF02BB26AECC3C00ACF744;
			productRefGroup = B6FF02C526AECC3C00ACF744 /* Products */;
			projectDirPath = "";
			projectRoot = "";
			targets = (
				B6FF02C326AECC3C00ACF744 /* oneToOneChat1 */,
			);
		};
/* End PBXProject section */

/* Begin PBXResourcesBuildPhase section */
		B6FF02C226AECC3C00ACF744 /* Resources */ = {
			isa = PBXResourcesBuildPhase;
			buildActionMask = 2147483647;
			files = (
				04FB7D6326AED6AD003764D8 /* pic.png in Resources */,
				04FB7D6126AED6AD003764D8 /* Main.storyboard in Resources */,
				04FB7D5D26AED6AD003764D8 /* Assets.xcassets in Resources */,
				04FB7D5F26AED6AD003764D8 /* LaunchScreen.storyboard in Resources */,
				04FB7D5E26AED6AD003764D8 /* pic15.png in Resources */,
			);
			runOnlyForDeploymentPostprocessing = 0;
		};
/* End PBXResourcesBuildPhase section */

/* Begin PBXSourcesBuildPhase section */
		B6FF02C026AECC3C00ACF744 /* Sources */ = {
			isa = PBXSourcesBuildPhase;
			buildActionMask = 2147483647;
			files = (
				04FB7D6226AED6AD003764D8 /* AppDelegate.swift in Sources */,
				04FB7D6526AED6AD003764D8 /* SceneDelegate.swift in Sources */,
				04FB7D5C26AED6AD003764D8 /* ViewController.swift in Sources */,
			);
			runOnlyForDeploymentPostprocessing = 0;
		};
/* End PBXSourcesBuildPhase section */

/* Begin PBXVariantGroup section */
		04FB7D5326AED6AD003764D8 /* LaunchScreen.storyboard */ = {
			isa = PBXVariantGroup;
			children = (
				04FB7D5426AED6AD003764D8 /* Base */,
			);
			name = LaunchScreen.storyboard;
			sourceTree = "<group>";
		};
/* End PBXVariantGroup section */

/* Begin XCBuildConfiguration section */
		B6FF02D626AECC3F00ACF744 /* Debug */ = {
			isa = XCBuildConfiguration;
			buildSettings = {
				ALWAYS_SEARCH_USER_PATHS = NO;
				CLANG_ANALYZER_NONNULL = YES;
				CLANG_ANALYZER_NUMBER_OBJECT_CONVERSION = YES_AGGRESSIVE;
				CLANG_CXX_LANGUAGE_STANDARD = "gnu++14";
				CLANG_CXX_LIBRARY = "libc++";
				CLANG_ENABLE_MODULES = YES;
				CLANG_ENABLE_OBJC_ARC = YES;
				CLANG_ENABLE_OBJC_WEAK = YES;
				CLANG_WARN_BLOCK_CAPTURE_AUTORELEASING = YES;
				CLANG_WARN_BOOL_CONVERSION = YES;
				CLANG_WARN_COMMA = YES;
				CLANG_WARN_CONSTANT_CONVERSION = YES;
				CLANG_WARN_DEPRECATED_OBJC_IMPLEMENTATIONS = YES;
				CLANG_WARN_DIRECT_OBJC_ISA_USAGE = YES_ERROR;
				CLANG_WARN_DOCUMENTATION_COMMENTS = YES;
				CLANG_WARN_EMPTY_BODY = YES;
				CLANG_WARN_ENUM_CONVERSION = YES;
				CLANG_WARN_INFINITE_RECURSION = YES;
				CLANG_WARN_INT_CONVERSION = YES;
				CLANG_WARN_NON_LITERAL_NULL_CONVERSION = YES;
				CLANG_WARN_OBJC_IMPLICIT_RETAIN_SELF = YES;
				CLANG_WARN_OBJC_LITERAL_CONVERSION = YES;
				CLANG_WARN_OBJC_ROOT_CLASS = YES_ERROR;
				CLANG_WARN_QUOTED_INCLUDE_IN_FRAMEWORK_HEADER = YES;
				CLANG_WARN_RANGE_LOOP_ANALYSIS = YES;
				CLANG_WARN_STRICT_PROTOTYPES = YES;
				CLANG_WARN_SUSPICIOUS_MOVE = YES;
				CLANG_WARN_UNGUARDED_AVAILABILITY = YES_AGGRESSIVE;
				CLANG_WARN_UNREACHABLE_CODE = YES;
				CLANG_WARN__DUPLICATE_METHOD_MATCH = YES;
				COPY_PHASE_STRIP = NO;
				DEBUG_INFORMATION_FORMAT = dwarf;
				ENABLE_STRICT_OBJC_MSGSEND = YES;
				ENABLE_TESTABILITY = YES;
				GCC_C_LANGUAGE_STANDARD = gnu11;
				GCC_DYNAMIC_NO_PIC = NO;
				GCC_NO_COMMON_BLOCKS = YES;
				GCC_OPTIMIZATION_LEVEL = 0;
				GCC_PREPROCESSOR_DEFINITIONS = (
					"DEBUG=1",
					"$(inherited)",
				);
				GCC_WARN_64_TO_32_BIT_CONVERSION = YES;
				GCC_WARN_ABOUT_RETURN_TYPE = YES_ERROR;
				GCC_WARN_UNDECLARED_SELECTOR = YES;
				GCC_WARN_UNINITIALIZED_AUTOS = YES_AGGRESSIVE;
				GCC_WARN_UNUSED_FUNCTION = YES;
				GCC_WARN_UNUSED_VARIABLE = YES;
				IPHONEOS_DEPLOYMENT_TARGET = 14.4;
				MTL_ENABLE_DEBUG_INFO = INCLUDE_SOURCE;
				MTL_FAST_MATH = YES;
				ONLY_ACTIVE_ARCH = YES;
				SDKROOT = iphoneos;
				SWIFT_ACTIVE_COMPILATION_CONDITIONS = DEBUG;
				SWIFT_OPTIMIZATION_LEVEL = "-Onone";
			};
			name = Debug;
		};
		B6FF02D726AECC3F00ACF744 /* Release */ = {
			isa = XCBuildConfiguration;
			buildSettings = {
				ALWAYS_SEARCH_USER_PATHS = NO;
				CLANG_ANALYZER_NONNULL = YES;
				CLANG_ANALYZER_NUMBER_OBJECT_CONVERSION = YES_AGGRESSIVE;
				CLANG_CXX_LANGUAGE_STANDARD = "gnu++14";
				CLANG_CXX_LIBRARY = "libc++";
				CLANG_ENABLE_MODULES = YES;
				CLANG_ENABLE_OBJC_ARC = YES;
				CLANG_ENABLE_OBJC_WEAK = YES;
				CLANG_WARN_BLOCK_CAPTURE_AUTORELEASING = YES;
				CLANG_WARN_BOOL_CONVERSION = YES;
				CLANG_WARN_COMMA = YES;
				CLANG_WARN_CONSTANT_CONVERSION = YES;
				CLANG_WARN_DEPRECATED_OBJC_IMPLEMENTATIONS = YES;
				CLANG_WARN_DIRECT_OBJC_ISA_USAGE = YES_ERROR;
				CLANG_WARN_DOCUMENTATION_COMMENTS = YES;
				CLANG_WARN_EMPTY_BODY = YES;
				CLANG_WARN_ENUM_CONVERSION = YES;
				CLANG_WARN_INFINITE_RECURSION = YES;
				CLANG_WARN_INT_CONVERSION = YES;
				CLANG_WARN_NON_LITERAL_NULL_CONVERSION = YES;
				CLANG_WARN_OBJC_IMPLICIT_RETAIN_SELF = YES;
				CLANG_WARN_OBJC_LITERAL_CONVERSION = YES;
				CLANG_WARN_OBJC_ROOT_CLASS = YES_ERROR;
				CLANG_WARN_QUOTED_INCLUDE_IN_FRAMEWORK_HEADER = YES;
				CLANG_WARN_RANGE_LOOP_ANALYSIS = YES;
				CLANG_WARN_STRICT_PROTOTYPES = YES;
				CLANG_WARN_SUSPICIOUS_MOVE = YES;
				CLANG_WARN_UNGUARDED_AVAILABILITY = YES_AGGRESSIVE;
				CLANG_WARN_UNREACHABLE_CODE = YES;
				CLANG_WARN__DUPLICATE_METHOD_MATCH = YES;
				COPY_PHASE_STRIP = NO;
				DEBUG_INFORMATION_FORMAT = "dwarf-with-dsym";
				ENABLE_NS_ASSERTIONS = NO;
				ENABLE_STRICT_OBJC_MSGSEND = YES;
				GCC_C_LANGUAGE_STANDARD = gnu11;
				GCC_NO_COMMON_BLOCKS = YES;
				GCC_WARN_64_TO_32_BIT_CONVERSION = YES;
				GCC_WARN_ABOUT_RETURN_TYPE = YES_ERROR;
				GCC_WARN_UNDECLARED_SELECTOR = YES;
				GCC_WARN_UNINITIALIZED_AUTOS = YES_AGGRESSIVE;
				GCC_WARN_UNUSED_FUNCTION = YES;
				GCC_WARN_UNUSED_VARIABLE = YES;
				IPHONEOS_DEPLOYMENT_TARGET = 14.4;
				MTL_ENABLE_DEBUG_INFO = NO;
				MTL_FAST_MATH = YES;
				SDKROOT = iphoneos;
				SWIFT_COMPILATION_MODE = wholemodule;
				SWIFT_OPTIMIZATION_LEVEL = "-O";
				VALIDATE_PRODUCT = YES;
			};
			name = Release;
		};
		B6FF02D926AECC3F00ACF744 /* Debug */ = {
			isa = XCBuildConfiguration;
			buildSettings = {
				ASSETCATALOG_COMPILER_APPICON_NAME = AppIcon;
				ASSETCATALOG_COMPILER_GLOBAL_ACCENT_COLOR_NAME = AccentColor;
				CODE_SIGN_STYLE = Automatic;
				DEVELOPMENT_TEAM = E67EBLN3KK;
				INFOPLIST_FILE = oneToOneChat1/Info.plist;
				LD_RUNPATH_SEARCH_PATHS = (
					"$(inherited)",
					"@executable_path/Frameworks",
				);
				PRODUCT_BUNDLE_IDENTIFIER = com.demo.oneToOneChat1;
				PRODUCT_NAME = "$(TARGET_NAME)";
				SWIFT_VERSION = 5.0;
				TARGETED_DEVICE_FAMILY = "1,2";
			};
			name = Debug;
		};
		B6FF02DA26AECC3F00ACF744 /* Release */ = {
			isa = XCBuildConfiguration;
			buildSettings = {
				ASSETCATALOG_COMPILER_APPICON_NAME = AppIcon;
				ASSETCATALOG_COMPILER_GLOBAL_ACCENT_COLOR_NAME = AccentColor;
				CODE_SIGN_STYLE = Automatic;
				DEVELOPMENT_TEAM = E67EBLN3KK;
				INFOPLIST_FILE = oneToOneChat1/Info.plist;
				LD_RUNPATH_SEARCH_PATHS = (
					"$(inherited)",
					"@executable_path/Frameworks",
				);
				PRODUCT_BUNDLE_IDENTIFIER = com.demo.oneToOneChat1;
				PRODUCT_NAME = "$(TARGET_NAME)";
				SWIFT_VERSION = 5.0;
				TARGETED_DEVICE_FAMILY = "1,2";
			};
			name = Release;
		};
/* End XCBuildConfiguration section */

/* Begin XCConfigurationList section */
		B6FF02BF26AECC3C00ACF744 /* Build configuration list for PBXProject "oneToOneChat1" */ = {
			isa = XCConfigurationList;
			buildConfigurations = (
				B6FF02D626AECC3F00ACF744 /* Debug */,
				B6FF02D726AECC3F00ACF744 /* Release */,
			);
			defaultConfigurationIsVisible = 0;
			defaultConfigurationName = Release;
		};
		B6FF02D826AECC3F00ACF744 /* Build configuration list for PBXNativeTarget "oneToOneChat1" */ = {
			isa = XCConfigurationList;
			buildConfigurations = (
				B6FF02D926AECC3F00ACF744 /* Debug */,
				B6FF02DA26AECC3F00ACF744 /* Release */,
			);
			defaultConfigurationIsVisible = 0;
			defaultConfigurationName = Release;
		};
/* End XCConfigurationList section */
	};
	rootObject = B6FF02BC26AECC3C00ACF744 /* Project object */;
}
